
Microsoft Visual Studio Solution File, Format Version 12.00
# Visual Studio 15
VisualStudioVersion = 15.0.28010.2046
MinimumVisualStudioVersion = 10.0.40219.1
Project("{FAE04EC0-301F-11D3-BF4B-00C04F79EFBC}") = "autorunner", "autorunner.csproj", "{BA08CB75-C4E5-476F-AD77-12C7255FEADD}"
EndProject
Global
	GlobalSection(SolutionConfigurationPlatforms) = preSolution
		Debug|Any CPU = Debug|Any CPU
		Release|Any CPU = Release|Any CPU
	EndGlobalSection
	GlobalSection(ProjectConfigurationPlatforms) = postSolution
		{BA08CB75-C4E5-476F-AD77-12C7255FEADD}.Debug|Any CPU.ActiveCfg = Debug|Any CPU
		{BA08CB75-C4E5-476F-AD77-12C7255FEADD}.Debug|Any CPU.Build.0 = Debug|Any CPU
		{BA08CB75-C4E5-476F-AD77-12C7255FEADD}.Release|Any CPU.ActiveCfg = Release|Any CPU
		{BA08CB75-C4E5-476F-AD77-12C7255FEADD}.Release|Any CPU.Build.0 = Release|Any CPU
	EndGlobalSection
	GlobalSection(SolutionProperties) = preSolution
		HideSolutionNode = FALSE
	EndGlobalSection
	GlobalSection(ExtensibilityGlobals) = postSolution
		SolutionGuid = {74F406B3-4C45-4F60-A8D6-7BB6C8935291}
	EndGlobalSection
EndGlobal
